
Microsoft Visual Studio Solution File, Format Version 12.00
# Visual Studio Version 16
VisualStudioVersion = 16.0.31025.194
MinimumVisualStudioVersion = 10.0.40219.1
Project("{FAE04EC0-301F-11D3-BF4B-00C04F79EFBC}") = "SteevenAriasUnTest", "SteevenAriasUnTest.csproj", "{7014D81E-AE91-46D1-8C55-5485283245BE}"
EndProject
Global
	GlobalSection(SolutionConfigurationPlatforms) = preSolution
		Debug|Any CPU = Debug|Any CPU
		Release|Any CPU = Release|Any CPU
	EndGlobalSection
	GlobalSection(ProjectConfigurationPlatforms) = postSolution
		{7014D81E-AE91-46D1-8C55-5485283245BE}.Debug|Any CPU.ActiveCfg = Debug|Any CPU
		{7014D81E-AE91-46D1-8C55-5485283245BE}.Debug|Any CPU.Build.0 = Debug|Any CPU
		{7014D81E-AE91-46D1-8C55-5485283245BE}.Release|Any CPU.ActiveCfg = Release|Any CPU
		{7014D81E-AE91-46D1-8C55-5485283245BE}.Release|Any CPU.Build.0 = Release|Any CPU
	EndGlobalSection
	GlobalSection(SolutionProperties) = preSolution
		HideSolutionNode = FALSE
	EndGlobalSection
	GlobalSection(ExtensibilityGlobals) = postSolution
		SolutionGuid = {6F7A7FD0-68AE-4478-B622-640E997EC458}
	EndGlobalSection
EndGlobal
